uuid: 3b1f76e3-ebee-4c51-9723-b6c90e17882b
langcode: en
status: true
dependencies:
  module:
    - ngf_core
  theme:
    - funkywave
id: createcontentblock
theme: funkywave
region: header
weight: -2
provider: null
plugin: create_content_block
settings:
  id: create_content_block
  label: 'Create Content Block'
  provider: ngf_core
  label_display: '0'
  context_mapping:
    group: '@group.group_route_context:group'
visibility: {  }
