uuid: a7492696-7c2d-4361-a4e0-500442fc8c53
langcode: en
status: true
dependencies:
  module:
    - ngf_core
  theme:
    - funkywave
id: useraccountblock
theme: funkywave
region: header
weight: -4
provider: null
plugin: UserAccountBlock
settings:
  id: UserAccountBlock
  label: 'User Account Block'
  provider: ngf_core
  label_display: '0'
visibility: {  }
