uuid: 609d9403-2a40-4c64-a60e-22d03c60432e
langcode: en
status: true
dependencies:
  module:
    - ngf_core
  theme:
    - funkywave
id: groupheaderblock
theme: funkywave
region: content
weight: 0
provider: null
plugin: group_header_block
settings:
  id: group_header_block
  label: 'Group Header block'
  provider: ngf_core
  label_display: '0'
  view_mode: teaser
  context_mapping:
    group: '@group.group_route_context:group'
    node: '@node.node_route_context:node'
visibility: {  }
